{
  "requires": true,
  "lockfileVersion": 1,
  "dependencies": {
    "vimhelp": {
      "version": "3.0.1",
      "resolved": "https://registry.npmjs.org/vimhelp/-/vimhelp-3.0.1.tgz",
      "integrity": "sha512-shFXgYhQxNl9GHuFt0hQ6+26rOZgkmItjAoy9a0R4N2bxO4vzclFa65GjLcKUydFMvUVhTePZDIW2QM0SBxd5Q=="
    }
  }
}
